
Microsoft Visual Studio Solution File, Format Version 12.00
# Visual Studio Version 17
VisualStudioVersion = 17.9.34616.47
MinimumVisualStudioVersion = 10.0.40219.1
Project("{8BC9CEB8-8B4A-11D0-8D11-00A0C91BC942}") = "Constructor_0131", "Constructor_0131\Constructor_0131.vcxproj", "{367069D0-86CF-4B21-B55B-67809A34F565}"
EndProject
Project("{8BC9CEB8-8B4A-11D0-8D11-00A0C91BC942}") = "StaticMemberFunction", "StaticMemberFunction\StaticMemberFunction.vcxproj", "{B2DECBB2-C644-4924-966B-94A84A1537D0}"
EndProject
Project("{8BC9CEB8-8B4A-11D0-8D11-00A0C91BC942}") = "konstruktor", "konstruktor\konstruktor.vcxproj", "{777CCC83-04F3-442E-B31D-C98F3532AAAB}"
EndProject
Project("{8BC9CEB8-8B4A-11D0-8D11-00A0C91BC942}") = "desktruktor", "desktruktor\desktruktor.vcxproj", "{6130A10D-438A-4063-91C2-49008D13F3AD}"
EndProject
Project("{8BC9CEB8-8B4A-11D0-8D11-00A0C91BC942}") = "chain", "chain\chain.vcxproj", "{F268AB9B-2A7A-40F4-A952-01F63291044B}"
EndProject
Global
	GlobalSection(SolutionConfigurationPlatforms) = preSolution
		Debug|x64 = Debug|x64
		Debug|x86 = Debug|x86
		Release|x64 = Release|x64
		Release|x86 = Release|x86
	EndGlobalSection
	GlobalSection(ProjectConfigurationPlatforms) = postSolution
		{367069D0-86CF-4B21-B55B-67809A34F565}.Debug|x64.ActiveCfg = Debug|x64
		{367069D0-86CF-4B21-B55B-67809A34F565}.Debug|x64.Build.0 = Debug|x64
		{367069D0-86CF-4B21-B55B-67809A34F565}.Debug|x86.ActiveCfg = Debug|Win32
		{367069D0-86CF-4B21-B55B-67809A34F565}.Debug|x86.Build.0 = Debug|Win32
		{367069D0-86CF-4B21-B55B-67809A34F565}.Release|x64.ActiveCfg = Release|x64
		{367069D0-86CF-4B21-B55B-67809A34F565}.Release|x64.Build.0 = Release|x64
		{367069D0-86CF-4B21-B55B-67809A34F565}.Release|x86.ActiveCfg = Release|Win32
		{367069D0-86CF-4B21-B55B-67809A34F565}.Release|x86.Build.0 = Release|Win32
		{B2DECBB2-C644-4924-966B-94A84A1537D0}.Debug|x64.ActiveCfg = Debug|x64
		{B2DECBB2-C644-4924-966B-94A84A1537D0}.Debug|x64.Build.0 = Debug|x64
		{B2DECBB2-C644-4924-966B-94A84A1537D0}.Debug|x86.ActiveCfg = Debug|Win32
		{B2DECBB2-C644-4924-966B-94A84A1537D0}.Debug|x86.Build.0 = Debug|Win32
		{B2DECBB2-C644-4924-966B-94A84A1537D0}.Release|x64.ActiveCfg = Release|x64
		{B2DECBB2-C644-4924-966B-94A84A1537D0}.Release|x64.Build.0 = Release|x64
		{B2DECBB2-C644-4924-966B-94A84A1537D0}.Release|x86.ActiveCfg = Release|Win32
		{B2DECBB2-C644-4924-966B-94A84A1537D0}.Release|x86.Build.0 = Release|Win32
		{777CCC83-04F3-442E-B31D-C98F3532AAAB}.Debug|x64.ActiveCfg = Debug|x64
		{777CCC83-04F3-442E-B31D-C98F3532AAAB}.Debug|x64.Build.0 = Debug|x64
		{777CCC83-04F3-442E-B31D-C98F3532AAAB}.Debug|x86.ActiveCfg = Debug|Win32
		{777CCC83-04F3-442E-B31D-C98F3532AAAB}.Debug|x86.Build.0 = Debug|Win32
		{777CCC83-04F3-442E-B31D-C98F3532AAAB}.Release|x64.ActiveCfg = Release|x64
		{777CCC83-04F3-442E-B31D-C98F3532AAAB}.Release|x64.Build.0 = Release|x64
		{777CCC83-04F3-442E-B31D-C98F3532AAAB}.Release|x86.ActiveCfg = Release|Win32
		{777CCC83-04F3-442E-B31D-C98F3532AAAB}.Release|x86.Build.0 = Release|Win32
		{6130A10D-438A-4063-91C2-49008D13F3AD}.Debug|x64.ActiveCfg = Debug|x64
		{6130A10D-438A-4063-91C2-49008D13F3AD}.Debug|x64.Build.0 = Debug|x64
		{6130A10D-438A-4063-91C2-49008D13F3AD}.Debug|x86.ActiveCfg = Debug|Win32
		{6130A10D-438A-4063-91C2-49008D13F3AD}.Debug|x86.Build.0 = Debug|Win32
		{6130A10D-438A-4063-91C2-49008D13F3AD}.Release|x64.ActiveCfg = Release|x64
		{6130A10D-438A-4063-91C2-49008D13F3AD}.Release|x64.Build.0 = Release|x64
		{6130A10D-438A-4063-91C2-49008D13F3AD}.Release|x86.ActiveCfg = Release|Win32
		{6130A10D-438A-4063-91C2-49008D13F3AD}.Release|x86.Build.0 = Release|Win32
		{F268AB9B-2A7A-40F4-A952-01F63291044B}.Debug|x64.ActiveCfg = Debug|x64
		{F268AB9B-2A7A-40F4-A952-01F63291044B}.Debug|x64.Build.0 = Debug|x64
		{F268AB9B-2A7A-40F4-A952-01F63291044B}.Debug|x86.ActiveCfg = Debug|Win32
		{F268AB9B-2A7A-40F4-A952-01F63291044B}.Debug|x86.Build.0 = Debug|Win32
		{F268AB9B-2A7A-40F4-A952-01F63291044B}.Release|x64.ActiveCfg = Release|x64
		{F268AB9B-2A7A-40F4-A952-01F63291044B}.Release|x64.Build.0 = Release|x64
		{F268AB9B-2A7A-40F4-A952-01F63291044B}.Release|x86.ActiveCfg = Release|Win32
		{F268AB9B-2A7A-40F4-A952-01F63291044B}.Release|x86.Build.0 = Release|Win32
	EndGlobalSection
	GlobalSection(SolutionProperties) = preSolution
		HideSolutionNode = FALSE
	EndGlobalSection
	GlobalSection(ExtensibilityGlobals) = postSolution
		SolutionGuid = {7EBC68C6-B322-4147-8E52-D20CDD9E0760}
	EndGlobalSection
EndGlobal
